
Microsoft Visual Studio Solution File, Format Version 12.00
# Visual Studio Version 17
VisualStudioVersion = 17.1.32319.34
MinimumVisualStudioVersion = 10.0.40219.1
Project("{FAE04EC0-301F-11D3-BF4B-00C04F79EFBC}") = "LINQLab", "LINQLab\LINQLab.csproj", "{E66EE8D0-06E0-41E0-A1F4-2E675C5FA504}"
EndProject
Global
	GlobalSection(SolutionConfigurationPlatforms) = preSolution
		Debug|Any CPU = Debug|Any CPU
		Release|Any CPU = Release|Any CPU
	EndGlobalSection
	GlobalSection(ProjectConfigurationPlatforms) = postSolution
		{E66EE8D0-06E0-41E0-A1F4-2E675C5FA504}.Debug|Any CPU.ActiveCfg = Debug|Any CPU
		{E66EE8D0-06E0-41E0-A1F4-2E675C5FA504}.Debug|Any CPU.Build.0 = Debug|Any CPU
		{E66EE8D0-06E0-41E0-A1F4-2E675C5FA504}.Release|Any CPU.ActiveCfg = Release|Any CPU
		{E66EE8D0-06E0-41E0-A1F4-2E675C5FA504}.Release|Any CPU.Build.0 = Release|Any CPU
	EndGlobalSection
	GlobalSection(SolutionProperties) = preSolution
		HideSolutionNode = FALSE
	EndGlobalSection
	GlobalSection(ExtensibilityGlobals) = postSolution
		SolutionGuid = {FF22B6D4-EDE4-494D-979C-7BF368C97C4E}
	EndGlobalSection
EndGlobal
